
Microsoft Visual Studio Solution File, Format Version 12.00
# Visual Studio 15
VisualStudioVersion = 15.0.26730.12
MinimumVisualStudioVersion = 10.0.40219.1
Project("{FAE04EC0-301F-11D3-BF4B-00C04F79EFBC}") = "WpfApp", "WpfApp\WpfApp.csproj", "{2B493E95-E0F8-425F-B438-0B377C84A2EB}"
EndProject
Global
	GlobalSection(SolutionConfigurationPlatforms) = preSolution
		Debug|Any CPU = Debug|Any CPU
		Release|Any CPU = Release|Any CPU
	EndGlobalSection
	GlobalSection(ProjectConfigurationPlatforms) = postSolution
		{2B493E95-E0F8-425F-B438-0B377C84A2EB}.Debug|Any CPU.ActiveCfg = Debug|Any CPU
		{2B493E95-E0F8-425F-B438-0B377C84A2EB}.Debug|Any CPU.Build.0 = Debug|Any CPU
		{2B493E95-E0F8-425F-B438-0B377C84A2EB}.Release|Any CPU.ActiveCfg = Release|Any CPU
		{2B493E95-E0F8-425F-B438-0B377C84A2EB}.Release|Any CPU.Build.0 = Release|Any CPU
	EndGlobalSection
	GlobalSection(SolutionProperties) = preSolution
		HideSolutionNode = FALSE
	EndGlobalSection
	GlobalSection(ExtensibilityGlobals) = postSolution
		SolutionGuid = {91CF63B3-B57A-4C24-BDA7-C3483AD71667}
	EndGlobalSection
EndGlobal
